# This file is automatically @generated by Cargo.
# It is not intended for manual editing.
version = 3

[[package]]
name = "autocfg"
version = "1.1.0"
source = "registry+https://github.com/rust-lang/crates.io-index"
checksum = "d468802bab17cbc0cc575e9b053f41e72aa36bfa6b7f55e3529ffa43161b97fa"

[[package]]
name = "bitflags"
version = "2.2.1"
source = "registry+https://github.com/rust-lang/crates.io-index"
checksum = "24a6904aef64d73cf10ab17ebace7befb918b82164785cb89907993be7f83813"

[[package]]
name = "cortex-r5-pac"
version = "0.1.0"
dependencies = [
 "tock-registers",
]

[[package]]
name = "demo-app"
version = "0.1.0"
dependencies = [
 "cortex-r5-pac",
]

[[package]]
name = "demo-app-boot"
version = "0.1.0"
dependencies = [
 "cortex-r5-pac",
 "remoteproc-resource-table",
]

[[package]]
name = "memoffset"
version = "0.8.0"
source = "registry+https://github.com/rust-lang/crates.io-index"
checksum = "d61c719bcfbcf5d62b3a09efa6088de8c54bc0bfcd3ea7ae39fcc186108b8de1"
dependencies = [
 "autocfg",
]

[[package]]
name = "remoteproc-resource-table"
version = "0.1.0"
dependencies = [
 "bitflags",
 "memoffset",
]

[[package]]
name = "tock-registers"
version = "0.8.1"
source = "registry+https://github.com/rust-lang/crates.io-index"
checksum = "696941a0aee7e276a165a978b37918fd5d22c55c3d6bda197813070ca9c0f21c"
